version = 1
revision = 2
requires-python = ">=3.12, <3.14"

[[package]]
name = "aiosqlite"
version = "0.22.1"
source = { registry = "https://pypi.org/simple" }
sdist = { url = "https://files.pythonhosted.org/packages/4e/8a/64761f4005f17809769d23e518d915db74e6310474e733e3593cfc854ef1/aiosqlite-0.22.1.tar.gz", hash = "sha256:043e0bd78d32888c0a9ca90fc788b38796843360c855a7262a532813133a0650", size = 14821, upload-time = "2025-12-23T19:25:43.997Z" }
wheels = [
    { url = "https://files.pythonhosted.org/packages/00/b7/e3bf5133d697a08128598c8d0abc5e16377b51465a33756de24fa7dee953/aiosqlite-0.22.1-py3-none-any.whl", hash = "sha256:21c002eb13823fad740196c5a2e9d8e62f6243bd9e7e4a1f87fb5e44ecb4fceb", size = 17405, upload-time = "2025-12-23T19:25:42.139Z" },
]

[[package]]
name = "annotated-doc"
version = "0.0.5"
source = { registry = "https://pypi.org/simple" }
sdist = { url = "https://files.pythonhosted.org/packages/5a/8e/38aa427ed5402449e226975b649c5dc73ccadfefeb95e6aecb8f8ea4b6b6/annotated_doc-0.0.5.tar.gz", hash = "sha256:c7e58ce09192557605d8bbd92836d7e1d520ac9580096042c0bfd197efacf1bb", size = 10758, upload-time = "2026-07-28T13:50:58.129Z" }
wheels = [
    { url = "https://files.pythonhosted.org/packages/3e/30/e900b21425a860e195f32e37657aa1f7c7f2b1bfb26f03ca209b90933c06/annotated_doc-0.0.5-py3-none-any.whl", hash = "sha256:117bac03a25ede5df5440e855b32d556049ca169ead221505badf432fed4b101", size = 5302, upload-time = "2026-07-28T13:50:57.239Z" },
]

[[package]]
name = "annotated-types"
version = "0.8.0"
source = { registry = "https://pypi.org/simple" }
sdist = { url = "https://files.pythonhosted.org/packages/5f/56/a8120250d128bed162cd73c76d45f6ef9991f3e068f62a8ee060afa3104a/annotated_types-0.8.0.tar.gz", hash = "sha256:13b2beaad985e05e2d6407ee4c4f35590b11f8d693a258a561055cac8f64cab7", size = 15893, upload-time = "2026-07-23T20:16:13.995Z" }
wheels = [
    { url = "https://files.pythonhosted.org/packages/99/91/8acff4f5e50511b911bbccb72b8628a49c68ce14148cd9f6431094859a90/annotated_types-0.8.0-py3-none-any.whl", hash = "sha256:f072f4d804ea359e4eaf198b1af7a8b0943881a87f31bb764f8bf219bb9419e0", size = 13427, upload-time = "2026-07-23T20:16:12.938Z" },
]

[[package]]
name = "anyio"
version = "4.15.1"
source = { registry = "https://pypi.org/simple" }
dependencies = [
    { name = "idna" },
    { name = "typing-extensions" },
]
sdist = { url = "https://files.pythonhosted.org/packages/a9/d2/f4d173e22df740bc37b1db102b386ba719b66e95b0f0d751f556b387e6d2/anyio-4.15.1.tar.gz", hash = "sha256:9f28306018cbd6d329e64a36d58256edff76dd996fe423bc957326e578b82a94", size = 276966, upload-time = "2026-09-05T10:42:39.44Z" }
wheels = [
    { url = "https://files.pythonhosted.org/packages/12/b8/4bd346e22b28902df4d651910f5242c28d84e4a5c2435ca5c3f797ed7e2e/anyio-4.15.1-py3-none-any.whl", hash = "sha256:6152fdbbf9a77fdec97731721bebf7c4c44f7c29b424b0065826173efc7ed101", size = 132079, upload-time = "2026-09-05T10:42:37.923Z" },
]

[[package]]
name = "certifi"
version = "2026.7.22"
source = { registry = "https://pypi.org/simple" }
sdist = { url = "https://files.pythonhosted.org/packages/a3/c2/24167ea9858356b47a87a50d39908bfdb72ceeefe0041586e704e5376b3a/certifi-2026.7.22.tar.gz", hash = "sha256:741e2c3b351ddf169a738da9f2c048608ff7f2c5cc02f1ebc6b118bb090d5d55", size = 138112, upload-time = "2026-07-22T03:35:12.644Z" }
wheels = [
    { url = "https://files.pythonhosted.org/packages/0b/a7/71ac2cff56fec219ed242bb11b8efb69fcc4bec75db06fb7bfe35de520e6/certifi-2026.7.22-py3-none-any.whl", hash = "sha256:62f22742b58a1a33014a2b6b706588a8d7e2a88ae7bd1a6ebe8c992928483775", size = 136983, upload-time = "2026-07-22T03:35:11.276Z" },
]

[[package]]
name = "colorama"
version = "0.4.6"
source = { registry = "https://pypi.org/simple" }
sdist = { url = "https://files.pythonhosted.org/packages/d8/53/6f443c9a4a8358a93a6792e2acffb9d9d5cb0a5cfd8802644b7b1c9a02e4/colorama-0.4.6.tar.gz", hash = "sha256:08695f5cb7ed6e0531a20572697297273c47b8cae5a63ffc6d6ed5c201be6e44", size = 27697, upload-time = "2022-10-25T02:36:22.414Z" }
wheels = [
    { url = "https://files.pythonhosted.org/packages/d1/d6/3965ed04c63042e047cb6a3e6ed1a63a35087b6a609aa3a15ed8ac56c221/colorama-0.4.6-py2.py3-none-any.whl", hash = "sha256:4f1d9991f5acc0ca119f9d443620b77f9d6b33703e51011c16baf57afb285fc6", size = 25335, upload-time = "2022-10-25T02:36:20.889Z" },
]

[[package]]
name = "fastapi"
version = "0.141.1"
source = { registry = "https://pypi.org/simple" }
dependencies = [
    { name = "annotated-doc" },
    { name = "pydantic" },
    { name = "starlette" },
    { name = "typing-extensions" },
    { name = "typing-inspection" },
]
sdist = { url = "https://files.pythonhosted.org/packages/8a/02/91e3416a8fdd715abb903a952a6bec7cdd8d14eed55d415fc8595524c319/fastapi-0.141.1.tar.gz", hash = "sha256:e8822fc40db1e1858054d7a949a888695bc9bdce70139178e33bd2871a453ca1", size = 425799, upload-time = "2026-07-29T17:18:05.568Z" }
wheels = [
    { url = "https://files.pythonhosted.org/packages/cb/03/10388a42375ee7e4ac9b94eb2c5c569c8b5795e377e701c9ac3ad63de890/fastapi-0.141.1-py3-none-any.whl", hash = "sha256:bfb91aa2d334c61cb35ba9a116fc123b3d3df31640b801cf57a7a78ec3f603b3", size = 131954, upload-time = "2026-07-29T17:18:04.364Z" },
]

[[package]]
name = "greenlet"
version = "3.5.5"
source = { registry = "https://pypi.org/simple" }
sdist = { url = "https://files.pythonhosted.org/packages/0b/d8/7cc97c142388aef03f622e001c572c4f84e9252a439549d483f555771970/greenlet-3.5.5.tar.gz", hash = "sha256:adb4bae02e91a8e863e48b177e4014bdcac8a6b5e047ea1df687a61534b85e6c", size = 207585, upload-time = "2026-08-10T15:09:36.136Z" }
wheels = [
    { url = "https://files.pythonhosted.org/packages/2e/7e/9ecd0285e3153532ae07aeb88063c43c72b4221cf0d4d123b02f3682e3ff/greenlet-3.5.5-cp312-cp312-macosx_11_0_universal2.whl", hash = "sha256:49520f0c95a48b42cf55414b8e8479beb274ea70431afc33e3f79903c71f4380", size = 295809, upload-time = "2026-08-10T13:25:34.023Z" },
    { url = "https://files.pythonhosted.org/packages/35/73/60e4bbcc89252037b18087f2ec16405d5b2d5be42dde191bbf3667e96102/greenlet-3.5.5-cp312-cp312-manylinux_2_24_aarch64.manylinux_2_28_aarch64.whl", hash = "sha256:55272212cbc5f43d1d723725ab931f1939969b7e9523882ca58b55061769d053", size = 611910, upload-time = "2026-08-10T14:14:35.18Z" },
    { url = "https://files.pythonhosted.org/packages/a4/17/cd5134be659cd4a443e7a61ae670dabec165a814c51162916d637b6dd38e/greenlet-3.5.5-cp312-cp312-manylinux_2_24_ppc64le.manylinux_2_28_ppc64le.whl", hash = "sha256:655bca754a2ef4efcb0eb48a94d3f4593536d0f3d48f8ed44343c01d16a92f95", size = 624198, upload-time = "2026-08-10T14:27:25.229Z" },
    { url = "https://files.pythonhosted.org/packages/9b/30/87c212b5c684d0e72974f1063b7a9687631e8985902c06e1016542c874e7/greenlet-3.5.5-cp312-cp312-manylinux_2_24_s390x.manylinux_2_28_s390x.whl", hash = "sha256:6ca5d6ae0739e5764f2cfcfaa562ac5a990cbdaedca93251c5e3cf07c362371f", size = 629504, upload-time = "2026-08-10T14:30:07.967Z" },
    { url = "https://files.pythonhosted.org/packages/78/ac/5c5b959999b6f09c3026b5dfe171575bc3121c5236ce74f495096f25b203/greenlet-3.5.5-cp312-cp312-manylinux_2_24_x86_64.manylinux_2_28_x86_64.whl", hash = "sha256:147b25a42e5ca5be3d42356e8f608b37af715a1c196e9bf9d1627f3341adfe1d", size = 621439, upload-time = "2026-08-10T13:40:49.391Z" },
    { url = "https://files.pythonhosted.org/packages/63/2c/eb487fafc9f50ffff2b1e0b697f70fb34bf150821c08ab225aacf5583a7e/greenlet-3.5.5-cp312-cp312-manylinux_2_39_riscv64.whl", hash = "sha256:1b5ed9162c0c098e0bbc2cf88a94f433c1b8926f831745252e099e5d83e17759", size = 432462, upload-time = "2026-08-10T14:30:02.309Z" },
    { url = "https://files.pythonhosted.org/packages/c8/8b/6acf112ed8aee499f25b4d6949820fb02ac950ff9c1f3d793bd5be0599f2/greenlet-3.5.5-cp312-cp312-musllinux_1_2_aarch64.whl", hash = "sha256:27493374cff1d1b7919dc8126547f2aea582737e3046147b434b1e12de56389b", size = 1581342, upload-time = "2026-08-10T14:15:05.653Z" },
    { url = "https://files.pythonhosted.org/packages/b8/d7/734e5f198888876b42d7616ff6644c075baf6b8a2412deadd6b0e1b8b20c/greenlet-3.5.5-cp312-cp312-musllinux_1_2_x86_64.whl", hash = "sha256:12e2ee66c2aba86133f10fd99d6a8856c6d351ffb7be0e4d52ef2cc5fbb705b2", size = 1645744, upload-time = "2026-08-10T13:40:30.353Z" },
    { url = "https://files.pythonhosted.org/packages/de/30/1f42b88dc587b5899ee50616ad56ee40cafaf225df4fb829f10183c62a5c/greenlet-3.5.5-cp312-cp312-win_amd64.whl", hash = "sha256:49ddacd36af37735fab103846f4ee4d18a492dde72730d1699c0c8ebe30d9f18", size = 324171, upload-time = "2026-08-10T13:28:44.472Z" },
    { url = "https://files.pythonhosted.org/packages/76/e5/4dee4d8d2e603fe5fdd7b444e63219f7b9bd852c60c6214511c7157cbe88/greenlet-3.5.5-cp312-cp312-win_arm64.whl", hash = "sha256:5f1b1ff4828cdc1aba4266aff814085d04a1d07959287219af021b838b265d52", size = 308362, upload-time = "2026-08-10T13:26:46.839Z" },
    { url = "https://files.pythonhosted.org/packages/fb/3d/8cef5f724ec0d4add2af8961d504535ec60c3cca9e464f6d03bdba29d85b/greenlet-3.5.5-cp313-cp313-macosx_11_0_universal2.whl", hash = "sha256:b79fd2a5bc099b5e744f34c4c9a58954a5f4cb7529fb4b6e8446057d61b6edaa", size = 294730, upload-time = "2026-08-10T13:27:51.206Z" },
    { url = "https://files.pythonhosted.org/packages/88/4b/8e7aa3f514273aecff30a16ab1bac09ff54cfc7e6860fdd8058c37ff2499/greenlet-3.5.5-cp313-cp313-manylinux_2_24_aarch64.manylinux_2_28_aarch64.whl", hash = "sha256:634cf15a233a949136879dd388e25d3296e16f3f1e217d2456797b8579ebc6ed", size = 614536, upload-time = "2026-08-10T14:14:36.589Z" },
    { url = "https://files.pythonhosted.org/packages/85/48/4e95e9dd5a8a397dc6a6345dd7f1935113d0fca4f85e89d3976da9cd988d/greenlet-3.5.5-cp313-cp313-manylinux_2_24_ppc64le.manylinux_2_28_ppc64le.whl", hash = "sha256:499adea519f748407fc6806d20eedabac2884fd73b9f38d81236e190ba20dfef", size = 626924, upload-time = "2026-08-10T14:27:27.048Z" },
    { url = "https://files.pythonhosted.org/packages/0e/84/eaa476d6bf3816828d0d70e80dcc36bf30a058233bd889e707e693f6e860/greenlet-3.5.5-cp313-cp313-manylinux_2_24_s390x.manylinux_2_28_s390x.whl", hash = "sha256:f7278591501941bb2456af102bb9cd59aab48c6cfd6e2dd68fa1290bb0c49a42", size = 632726, upload-time = "2026-08-10T14:30:09.874Z" },
    { url = "https://files.pythonhosted.org/packages/89/5d/398a1c71fa7a277deeb376c999979de6786f08fc2d5747a0b9d6e11738dd/greenlet-3.5.5-cp313-cp313-manylinux_2_24_x86_64.manylinux_2_28_x86_64.whl", hash = "sha256:2eabb980975cba5b93a95f6f69287d05fc05ac955bfd6a320a7c083eeb52c0b0", size = 623906, upload-time = "2026-08-10T13:40:50.501Z" },
    { url = "https://files.pythonhosted.org/packages/d0/f2/0cc2849ede68579291e9c59b3ab6ec1958f98681cca5b14d8fc75bf674a4/greenlet-3.5.5-cp313-cp313-manylinux_2_39_riscv64.whl", hash = "sha256:4dfc7c4470354e7b09184d1a3a985761053a2fd694ddb5b5c80242afc2c8c90b", size = 434966, upload-time = "2026-08-10T14:30:03.729Z" },
    { url = "https://files.pythonhosted.org/packages/04/1b/745450fc5ea9e0cb17d840d248f284db3363de736d362c7d2d883e3eadba/greenlet-3.5.5-cp313-cp313-musllinux_1_2_aarch64.whl", hash = "sha256:03115c2e0a371999bf8ae616aa8d653f96641d4705c457aebaa187276e9f7537", size = 1581430, upload-time = "2026-08-10T14:15:06.853Z" },
    { url = "https://files.pythonhosted.org/packages/d4/29/d51b296e3191bb15d3d81ec375af1909e4466c0f395d744ed475801798a9/greenlet-3.5.5-cp313-cp313-musllinux_1_2_x86_64.whl", hash = "sha256:4441153ffba21b90d3ca89fe3d31f5c093ae6c0bf0cfdfc98f54cde22f95b62e", size = 1645684, upload-time = "2026-08-10T13:40:32.133Z" },
    { url = "https://files.pythonhosted.org/packages/12/63/369f1a1625e64e9e31df3963c6044056e3fdfa3fa3fdba3c54ffefa6e987/greenlet-3.5.5-cp313-cp313-win_amd64.whl", hash = "sha256:95c5b1f4b3a193f8a0c2de4bfdcb48d119f7f1063941f1de1f2168051b3e52dd", size = 324075, upload-time = "2026-08-10T13:26:58.974Z" },
    { url = "https://files.pythonhosted.org/packages/45/78/649cb5c09d4d81f6dd1444e75474a7206784743283a21d24171562ac4899/greenlet-3.5.5-cp313-cp313-win_arm64.whl", hash = "sha256:1af90aa4bc129883b340cdd6957a3bc74f60528a4993bbd1f53aaebe1d9981cc", size = 308260, upload-time = "2026-08-10T13:27:50.795Z" },
]

[[package]]
name = "h11"
version = "0.16.0"
source = { registry = "https://pypi.org/simple" }
sdist = { url = "https://files.pythonhosted.org/packages/01/ee/02a2c011bdab74c6fb3c75474d40b3052059d95df7e73351460c8588d963/h11-0.16.0.tar.gz", hash = "sha256:4e35b956cf45792e4caa5885e69fba00bdbc6ffafbfa020300e549b208ee5ff1", size = 101250, upload-time = "2025-04-24T03:35:25.427Z" }
wheels = [
    { url = "https://files.pythonhosted.org/packages/04/4b/29cac41a4d98d144bf5f6d33995617b185d14b22401f75ca86f384e87ff1/h11-0.16.0-py3-none-any.whl", hash = "sha256:63cf8bbe7522de3bf65932fda1d9c2772064ffb3dae62d55932da54b31cb6c86", size = 37515, upload-time = "2025-04-24T03:35:24.344Z" },
]

[[package]]
name = "httpcore"
version = "1.0.9"
source = { registry = "https://pypi.org/simple" }
dependencies = [
    { name = "certifi" },
    { name = "h11" },
]
sdist = { url = "https://files.pythonhosted.org/packages/06/94/82699a10bca87a5556c9c59b5963f2d039dbd239f25bc2a63907a05a14cb/httpcore-1.0.9.tar.gz", hash = "sha256:6e34463af53fd2ab5d807f399a9b45ea31c3dfa2276f15a2c3f00afff6e176e8", size = 85484, upload-time = "2025-04-24T22:06:22.219Z" }
wheels = [
    { url = "https://files.pythonhosted.org/packages/7e/f5/f66802a942d491edb555dd61e3a9961140fd64c90bce1eafd741609d334d/httpcore-1.0.9-py3-none-any.whl", hash = "sha256:2d400746a40668fc9dec9810239072b40b4484b640a8c38fd654a024c7a1bf55", size = 78784, upload-time = "2025-04-24T22:06:20.566Z" },
]

[[package]]
name = "httpx"
version = "0.28.1"
source = { registry = "https://pypi.org/simple" }
dependencies = [
    { name = "anyio" },
    { name = "certifi" },
    { name = "httpcore" },
    { name = "idna" },
]
sdist = { url = "https://files.pythonhosted.org/packages/b1/df/48c586a5fe32a0f01324ee087459e112ebb7224f646c0b5023f5e79e9956/httpx-0.28.1.tar.gz", hash = "sha256:75e98c5f16b0f35b567856f597f06ff2270a374470a5c2392242528e3e3e42fc", size = 141406, upload-time = "2024-12-06T15:37:23.222Z" }
wheels = [
    { url = "https://files.pythonhosted.org/packages/2a/39/e50c7c3a983047577ee07d2a9e53faf5a69493943ec3f6a384bdc792deb2/httpx-0.28.1-py3-none-any.whl", hash = "sha256:d909fcccc110f8c7faf814ca82a9a4d816bc5a6dbfea25d6591d6985b8ba59ad", size = 73517, upload-time = "2024-12-06T15:37:21.509Z" },
]

[[package]]
name = "idna"
version = "3.19"
source = { registry = "https://pypi.org/simple" }
sdist = { url = "https://files.pythonhosted.org/packages/5f/f7/abb373e5757eaec4b922b92f97ec8d6d7e057cf06778247604fbc4e7c3f3/idna-3.19.tar.gz", hash = "sha256:5e0811a4383b21dc5838069f801c4fb62113b7447663d2530d2bd6e77b49bf15", size = 215237, upload-time = "2026-08-18T05:14:24.27Z" }
wheels = [
    { url = "https://files.pythonhosted.org/packages/57/b0/0e52c878c53f245edd3a11020f20979b3f490f245af532c7cae3027754b5/idna-3.19-py3-none-any.whl", hash = "sha256:815e7be7a7806d54abb586dc943addc79e8b2ee16915059658cbeff4b1b43bf4", size = 68550, upload-time = "2026-08-18T05:14:22.343Z" },
]

[[package]]
name = "iniconfig"
version = "2.3.0"
source = { registry = "https://pypi.org/simple" }
sdist = { url = "https://files.pythonhosted.org/packages/72/34/14ca021ce8e5dfedc35312d08ba8bf51fdd999c576889fc2c24cb97f4f10/iniconfig-2.3.0.tar.gz", hash = "sha256:c76315c77db068650d49c5b56314774a7804df16fee4402c1f19d6d15d8c4730", size = 20503, upload-time = "2025-10-18T21:55:43.219Z" }
wheels = [
    { url = "https://files.pythonhosted.org/packages/cb/b1/3846dd7f199d53cb17f49cba7e651e9ce294d8497c8c150530ed11865bb8/iniconfig-2.3.0-py3-none-any.whl", hash = "sha256:f631c04d2c48c52b84d0d0549c99ff3859c98df65b3101406327ecc7d53fbf12", size = 7484, upload-time = "2025-10-18T21:55:41.639Z" },
]

[[package]]
name = "nats-py"
version = "2.15.0"
source = { registry = "https://pypi.org/simple" }
sdist = { url = "https://files.pythonhosted.org/packages/02/f0/fc5e93f2b0dd14a202590ad9d30eda1955ea872039b5204357348d0f4b1e/nats_py-2.15.0.tar.gz", hash = "sha256:6622c547d9a7d2313d9c147d46c386188f4ec2c7b5c9f9a0438a4d1b55f54a93", size = 75995, upload-time = "2026-06-05T07:34:03.904Z" }
wheels = [
    { url = "https://files.pythonhosted.org/packages/db/a8/b55606c7c621fb813c8ec78baf201d2c78bf6051091ec0c7ada572999e95/nats_py-2.15.0-py3-none-any.whl", hash = "sha256:9f8d36aa52a9926a88b8f1d70cf1fdce0ad387941479b500ee9ab3e51073cefd", size = 90334, upload-time = "2026-06-05T07:34:02.81Z" },
]

[[package]]
name = "nexus-rpc"
version = "1.4.0"
source = { registry = "https://pypi.org/simple" }
dependencies = [
    { name = "typing-extensions" },
]
sdist = { url = "https://files.pythonhosted.org/packages/35/d5/cd1ffb202b76ebc1b33c1332a3416e55a39929006982adc2b1eb069aaa9b/nexus_rpc-1.4.0.tar.gz", hash = "sha256:3b8b373d4865671789cc43623e3dc0bcbf192562e40e13727e17f1c149050fba", size = 82367, upload-time = "2026-02-25T22:01:34.053Z" }
wheels = [
    { url = "https://files.pythonhosted.org/packages/11/52/6327a5f4fda01207205038a106a99848a41c83e933cd23ea2cab3d2ebc6c/nexus_rpc-1.4.0-py3-none-any.whl", hash = "sha256:14c953d3519113f8ccec533a9efdb6b10c28afef75d11cdd6d422640c40b3a49", size = 29645, upload-time = "2026-02-25T22:01:33.122Z" },
]

[[package]]
name = "packaging"
version = "26.3"
source = { registry = "https://pypi.org/simple" }
sdist = { url = "https://files.pythonhosted.org/packages/7d/fa/3944b40b07da9ce895c0e6303a5ab7d53da063554f534556b134a54d6093/packaging-26.3.tar.gz", hash = "sha256:94edc256424af38762eb31306eed28beb9f0efc50a8837492c9d6fd6004aed79", size = 313412, upload-time = "2026-08-04T18:15:28.737Z" }
wheels = [
    { url = "https://files.pythonhosted.org/packages/63/34/ba1c580383c9eada3711951fef0795c80b829a078d72188184bcab9dd527/packaging-26.3-py3-none-any.whl", hash = "sha256:d7193f7c8e4e93f444fde0262bf90af30e16fa0ad0ad44cb553c87339b23cd1c", size = 129956, upload-time = "2026-08-04T18:15:27.159Z" },
]

[[package]]
name = "pluggy"
version = "1.6.0"
source = { registry = "https://pypi.org/simple" }
sdist = { url = "https://files.pythonhosted.org/packages/f9/e2/3e91f31a7d2b083fe6ef3fa267035b518369d9511ffab804f839851d2779/pluggy-1.6.0.tar.gz", hash = "sha256:7dcc130b76258d33b90f61b658791dede3486c3e6bfb003ee5c9bfb396dd22f3", size = 69412, upload-time = "2025-05-15T12:30:07.975Z" }
wheels = [
    { url = "https://files.pythonhosted.org/packages/54/20/4d324d65cc6d9205fabedc306948156824eb9f0ee1633355a8f7ec5c66bf/pluggy-1.6.0-py3-none-any.whl", hash = "sha256:e920276dd6813095e9377c0bc5566d94c932c33b27a3e3945d8389c374dd4746", size = 20538, upload-time = "2025-05-15T12:30:06.134Z" },
]

[[package]]
name = "protobuf"
version = "7.36.1"
source = { registry = "https://pypi.org/simple" }
sdist = { url = "https://files.pythonhosted.org/packages/86/73/f66c748df06e7fe24e658eddd600d19c4b40bad836c97ce2d0ad9851fb6b/protobuf-7.36.1.tar.gz", hash = "sha256:d0f6470f0ce2b84e3feaea2d4b816378b37ba4d4aa08a274305373de93e2d524", size = 512499, upload-time = "2026-08-31T22:40:04.667Z" }
wheels = [
    { url = "https://files.pythonhosted.org/packages/f7/6c/3a54a58f2948b0f485df9ecdd06590f15d0a7abf46a89d50c3de709ff4ff/protobuf-7.36.1-cp310-abi3-macosx_10_9_universal2.whl", hash = "sha256:3cf2ee25d006cee57294a1196ea43b37feb78e0dcd1e8af5c1aeddb777655aca", size = 456046, upload-time = "2026-08-31T22:39:56.865Z" },
    { url = "https://files.pythonhosted.org/packages/6e/08/9f9548793c771095245c0eeaf0c84b76b16a5ef26158043d456f551344a0/protobuf-7.36.1-cp310-abi3-manylinux2014_aarch64.whl", hash = "sha256:43d3d37b1eb24c113b9b7d02008cac44e423f00b611b7781ae998d7623972969", size = 344226, upload-time = "2026-08-31T22:39:58.263Z" },
    { url = "https://files.pythonhosted.org/packages/fe/51/1bdbd612fa3c51e42ea6f45d05e84dc748ddcd2663e1aa1e89a00a33facd/protobuf-7.36.1-cp310-abi3-manylinux2014_s390x.whl", hash = "sha256:39c518c05586c016d7874ff6079ee115bcec1ea5fbb1d177fbf7867ef4c67e44", size = 357229, upload-time = "2026-08-31T22:39:59.198Z" },
    { url = "https://files.pythonhosted.org/packages/22/df/c799fe7a05ef16ba853a59db01f3a2c5f7d0676469589ccc4874f76a2a88/protobuf-7.36.1-cp310-abi3-manylinux2014_x86_64.whl", hash = "sha256:97198b77e369a0abd8e262b8f6c7266c55ddb796a3a12c76d7b8881188ed83aa", size = 343228, upload-time = "2026-08-31T22:40:00.179Z" },
    { url = "https://files.pythonhosted.org/packages/3d/33/d4724ec5d86d496fe4108e220618aa0837ad3423a7af7ccdd9684ccc77c8/protobuf-7.36.1-cp310-abi3-win32.whl", hash = "sha256:0b53ce95272aad50ad25d7ff03373743209822e8ba42ea7fad27d2bee1547d00", size = 443002, upload-time = "2026-08-31T22:40:01.32Z" },
    { url = "https://files.pythonhosted.org/packages/db/37/155788a0d8daded960375af604202805308169f9b859419ea0aa370946e2/protobuf-7.36.1-cp310-abi3-win_amd64.whl", hash = "sha256:51139351435d9b43d88a55eaa49fb6f737fbb478fb0cbf2cf694d1a04a9d3363", size = 456518, upload-time = "2026-08-31T22:40:02.494Z" },
    { url = "https://files.pythonhosted.org/packages/39/ca/c47f91d3cab175b01fd8c4f0d80fdf8613be876cc616e66ad281a59c5ddf/protobuf-7.36.1-py3-none-any.whl", hash = "sha256:7d951e46b3f963d6c264c367c437921de9d5aedd9c3f9612b9077736b4e3ad5c", size = 179813, upload-time = "2026-08-31T22:40:03.54Z" },
]

[[package]]
name = "pydantic"
version = "2.13.5"
source = { registry = "https://pypi.org/simple" }
dependencies = [
    { name = "annotated-types" },
    { name = "pydantic-core" },
    { name = "typing-extensions" },
    { name = "typing-inspection" },
]
sdist = { url = "https://files.pythonhosted.org/packages/53/ef/fc4f868f4e2cee79f863883abffceff107875f569b848507319842d2a681/pydantic-2.13.5.tar.gz", hash = "sha256:51a9c5f7b2f8e636f04c6cada605d9b6a3bf1348fdf945a3d8869b19bba0ee08", size = 845750, upload-time = "2026-08-28T14:04:00.916Z" }
wheels = [
    { url = "https://files.pythonhosted.org/packages/eb/47/c95ffc2009878c7aac0c5e08528022dcb885933252a88b5f170058014464/pydantic-2.13.5-py3-none-any.whl", hash = "sha256:346a034f080da3755d8e9cb5e00e8b07de1d39e4f6e2c87d8ab7cafa0b269a73", size = 472589, upload-time = "2026-08-28T14:03:59.136Z" },
]

[[package]]
name = "pydantic-core"
version = "2.46.5"
source = { registry = "https://pypi.org/simple" }
dependencies = [
    { name = "typing-extensions" },
]
sdist = { url = "https://files.pythonhosted.org/packages/af/f9/8a06bea35ef8daf588f707784c973a7046e0034c8d8cfb08828eeffb8b75/pydantic_core-2.46.5.tar.gz", hash = "sha256:10416c15b8839ecc4ef4d0885da76da6fd0f67333a0eb8aff6d93c4b8f2910fc", size = 472262, upload-time = "2026-08-28T10:01:31.677Z" }
wheels = [
    { url = "https://files.pythonhosted.org/packages/82/3f/76358795aa7a8c6d4f36e2cb828ad1c90ee118e1393a9281664f5aade9d4/pydantic_core-2.46.5-cp312-cp312-macosx_10_12_x86_64.whl", hash = "sha256:b9fe6fb92520e3fd61f2e49000b6911b188824f089b75973ea06d6267f0b476d", size = 2076516, upload-time = "2026-08-28T09:58:21.576Z" },
    { url = "https://files.pythonhosted.org/packages/db/50/26b091836076ce4cb2fac264186936acc069e0595772cfd02a563bc4761a/pydantic_core-2.46.5-cp312-cp312-macosx_11_0_arm64.whl", hash = "sha256:a39ac25a9a2fa4072efdb429833c4a4c8009a51ff9eea3eeae131713cd27991e", size = 1922874, upload-time = "2026-08-28T09:58:23.766Z" },
    { url = "https://files.pythonhosted.org/packages/09/f0/2a8ce3849e299d44e2d2c196b6082643a3235565a735cb51db7a6261f614/pydantic_core-2.46.5-cp312-cp312-manylinux_2_17_aarch64.manylinux2014_aarch64.whl", hash = "sha256:4fdc8b93a41521988916eeaa271173fcca7fa0803d62f87675aac8dcec1c8e29", size = 1951772, upload-time = "2026-08-28T09:58:25.435Z" },
    { url = "https://files.pythonhosted.org/packages/87/46/ac0dc8bdd9e6048183a14eb127764e7ad9240021c17513074a4711b0e31e/pydantic_core-2.46.5-cp312-cp312-manylinux_2_17_armv7l.manylinux2014_armv7l.whl", hash = "sha256:b98134087d9de723658d17a42c7d0da8d6e2ef08015dee7dc93889047315f5e4", size = 2031832, upload-time = "2026-08-28T09:58:27.102Z" },
    { url = "https://files.pythonhosted.org/packages/c4/c2/339de5bef7be36301a2231eaa52e62163742c2281f11b5f4892bc79785cd/pydantic_core-2.46.5-cp312-cp312-manylinux_2_17_ppc64le.manylinux2014_ppc64le.whl", hash = "sha256:e652ab17569c94bff5475520f907b7148b8c24036a8ebbe5cf7cf7493d28579a", size = 2208645, upload-time = "2026-08-28T09:58:28.948Z" },
    { url = "https://files.pythonhosted.org/packages/7b/a0/9ff22b797724262da14427abaed4dd1d864a139693fc5e7809114376a716/pydantic_core-2.46.5-cp312-cp312-manylinux_2_17_s390x.manylinux2014_s390x.whl", hash = "sha256:d925f3d9afd05a8c0fb3a1031463a8d59ebe5e2afad297e29c78be19e13b4e62", size = 2265935, upload-time = "2026-08-28T09:58:30.625Z" },
    { url = "https://files.pythonhosted.org/packages/c0/a4/eb9409ec0736e50aa70a412f16c204ed149516846912f7e6724d4c73ee53/pydantic_core-2.46.5-cp312-cp312-manylinux_2_17_x86_64.manylinux2014_x86_64.whl", hash = "sha256:0fc5be0abd4a407e200d844b404e33639a554e7bd0d448e7b9ae181be4789ac2", size = 2066284, upload-time = "2026-08-28T09:58:32.289Z" },
    { url = "https://files.pythonhosted.org/packages/c0/02/7f6156ffc926857f1c37c07d9a388682865a81830ab6a1b637082c25e399/pydantic_core-2.46.5-cp312-cp312-manylinux_2_31_riscv64.whl", hash = "sha256:816ff0a6550ffc06c098ccd2e0698600f9aa7da192a79eaa6f9af504a35db869", size = 2105889, upload-time = "2026-08-28T09:58:33.986Z" },
    { url = "https://files.pythonhosted.org/packages/92/b1/e781d357ebe09fc929f995700f1b3503e8897f1cece183ecb1300d4d67e9/pydantic_core-2.46.5-cp312-cp312-manylinux_2_5_i686.manylinux1_i686.whl", hash = "sha256:c7ea57fc63aa7da93a1bd2d644e6577befae10c52c4e36377635eea1056a74f5", size = 2158006, upload-time = "2026-08-28T09:58:35.647Z" },
    { url = "https://files.pythonhosted.org/packages/70/0a/644597d84ab400e50609c192120b85c9681c22d3a20461b9060a79be0a7a/pydantic_core-2.46.5-cp312-cp312-musllinux_1_1_aarch64.whl", hash = "sha256:efd62a42486f1bda5d24cb4f63d15a3c7768375fe83d36f9417b4ad7a2fb20b3", size = 2158408, upload-time = "2026-08-28T09:58:37.38Z" },
    { url = "https://files.pythonhosted.org/packages/1e/ee/ca3b7b3a4b3769ffe9ce9432a7c9be755de9593a46d3b0d54d0409323e44/pydantic_core-2.46.5-cp312-cp312-musllinux_1_1_armv7l.whl", hash = "sha256:2bc9419666990c06d7397831f2126a1ecc3594aaa3ff7de5bf2d066802f4e07b", size = 2309609, upload-time = "2026-08-28T09:58:39.22Z" },
    { url = "https://files.pythonhosted.org/packages/ce/52/39fa1f451486019524ca685020390e7ca351832fd874530ba30c8628e6dc/pydantic_core-2.46.5-cp312-cp312-musllinux_1_1_x86_64.whl", hash = "sha256:18a09e1e1011b462f2e32774f25859ef1223d5c2b0546a633cf56654710721e0", size = 2342618, upload-time = "2026-08-28T09:58:40.89Z" },
    { url = "https://files.pythonhosted.org/packages/81/5e/468fc630568c61dcef3cd47ad32ffbeed9af643f49208d1ea86ab4f890c4/pydantic_core-2.46.5-cp312-cp312-win32.whl", hash = "sha256:5cb482e9e84c851f4e623fe4acc1ced89168cf1fe18f7089db4548c8f5bbb65b", size = 1939475, upload-time = "2026-08-28T09:58:42.591Z" },
    { url = "https://files.pythonhosted.org/packages/cf/c9/4c19f41b84cf6b622a72fbeed7665b25d47a187d68d47d0d430c07f23268/pydantic_core-2.46.5-cp312-cp312-win_amd64.whl", hash = "sha256:5e81740c09e310f5aa5cbd3e434a01c154d4bef93241c7877b39f211d2b78ba8", size = 2043140, upload-time = "2026-08-28T09:58:44.272Z" },
    { url = "https://files.pythonhosted.org/packages/af/dd/0c1a050299147c746e5256db16d645ab5efd4f78c59937d581a0524e74a2/pydantic_core-2.46.5-cp312-cp312-win_arm64.whl", hash = "sha256:f7b0ec93a2893de856652154d73b7ba622f26fa97726487dcac373de5f4c6084", size = 1997729, upload-time = "2026-08-28T09:58:46.13Z" },
    { url = "https://files.pythonhosted.org/packages/f5/37/5abe39a8372a61d3dc3c1338fc504281c01b32fdb3169cd7187153b56d3e/pydantic_core-2.46.5-cp313-cp313-macosx_10_12_x86_64.whl", hash = "sha256:b7ca9034437b6022f941f4857459562ee00a560b97e7cce8a0ec5a74fc6766e0", size = 2075885, upload-time = "2026-08-28T09:58:47.856Z" },
    { url = "https://files.pythonhosted.org/packages/21/43/6323b1f8b217780454c61304bcd2b38ae4762f50754414124603ccc90bb2/pydantic_core-2.46.5-cp313-cp313-macosx_11_0_arm64.whl", hash = "sha256:f332f0e72a5a0400141f830744e141bf9f97917878dbe968669e8a7fefea78ff", size = 1922768, upload-time = "2026-08-28T09:58:49.58Z" },
    { url = "https://files.pythonhosted.org/packages/0f/a3/c05ca796e1197618a774b01e596aeedfefc2f7d8c01ae3054e910b120e8a/pydantic_core-2.46.5-cp313-cp313-manylinux_2_17_aarch64.manylinux2014_aarch64.whl", hash = "sha256:193375f3548919d3f0b60936ca113ada3e38f264f91b9b8e0508efaad57be931", size = 1951241, upload-time = "2026-08-28T09:58:51.511Z" },
    { url = "https://files.pythonhosted.org/packages/68/32/33bc39ac705c52cffc908e8389f9754fdb208aea5c69cceddf4eb3ce99af/pydantic_core-2.46.5-cp313-cp313-manylinux_2_17_armv7l.manylinux2014_armv7l.whl", hash = "sha256:79bdfa52f843137045b2d081cc05c120ba6665d29b7559c2c47690906f39279f", size = 2031975, upload-time = "2026-08-28T09:58:53.166Z" },
    { url = "https://files.pythonhosted.org/packages/b0/70/2333e885c0f6a67bc105c5916965dac9b57f2718ee20d81d1a06a4ebdc13/pydantic_core-2.46.5-cp313-cp313-manylinux_2_17_ppc64le.manylinux2014_ppc64le.whl", hash = "sha256:24922243639cbdac66c75fcb6fd6495a9cb52b213d62f9a0d16f0310b1ff8038", size = 2208542, upload-time = "2026-08-28T09:58:55.017Z" },
    { url = "https://files.pythonhosted.org/packages/f7/ea/296debfb4264207bbda5936133892e027c0a58875ad53ebd512fba8ec3a2/pydantic_core-2.46.5-cp313-cp313-manylinux_2_17_s390x.manylinux2014_s390x.whl", hash = "sha256:c76fe65e607be28c7fd4d56fc3c42b1583aa058ce3408b7ad0fd540171d31f9f", size = 2264692, upload-time = "2026-08-28T09:58:56.767Z" },
    { url = "https://files.pythonhosted.org/packages/d3/f2/9e4de77a6271e07a76d2d58b11c091a979c191ed2939bf80067568b369d2/pydantic_core-2.46.5-cp313-cp313-manylinux_2_17_x86_64.manylinux2014_x86_64.whl", hash = "sha256:6f7b393a8b3da82f5c1fc0751e6d01ac6c55b93c18226a60bdfba4a724efafd1", size = 2066633, upload-time = "2026-08-28T09:58:58.531Z" },
    { url = "https://files.pythonhosted.org/packages/8d/db/f9e9d0c97445987b2084823d5c240de88087338f04fc2cfaa2df186b8049/pydantic_core-2.46.5-cp313-cp313-manylinux_2_31_riscv64.whl", hash = "sha256:7ac031912d54f3d83ef3b3eb98dfabc1608802e2202263d25957eeed40b94761", size = 2105235, upload-time = "2026-08-28T09:59:00.421Z" },
    { url = "https://files.pythonhosted.org/packages/07/c5/79169b047b3b2c3e99e04bc76372af9637e0bf6db638274fa927df96369e/pydantic_core-2.46.5-cp313-cp313-manylinux_2_5_i686.manylinux1_i686.whl", hash = "sha256:837b396ca3d7b74091ca623f6cbd8351bd42d670a79c2683e79fb089f06a2de5", size = 2157367, upload-time = "2026-08-28T09:59:02.442Z" },
    { url = "https://files.pythonhosted.org/packages/26/b5/ba6057afb7c291bd449f51b867f95aef2072941c4ce4e5c31d6ffd132d3b/pydantic_core-2.46.5-cp313-cp313-musllinux_1_1_aarch64.whl", hash = "sha256:5ee239d575f80b08eca11f6e20f90c4c695de7825c67eefe6091fbf20dda648e", size = 2158420, upload-time = "2026-08-28T09:59:04.2Z" },
    { url = "https://files.pythonhosted.org/packages/6e/28/2057abecaafdc22912afa819603a51f0a62d40643b7c4871c51721fea9be/pydantic_core-2.46.5-cp313-cp313-musllinux_1_1_armv7l.whl", hash = "sha256:e80675d75ae2cd14372cb65cad5400d9347a3d3f6c13000183f22dfd027283ed", size = 2309588, upload-time = "2026-08-28T09:59:06.048Z" },
    { url = "https://files.pythonhosted.org/packages/71/9d/881156dc404e27479c4246128d73538464cab4a239bec61995e227644c30/pydantic_core-2.46.5-cp313-cp313-musllinux_1_1_x86_64.whl", hash = "sha256:9c4b71f10dd532fb7a5cbc8f58707779e64f03a258c2bf8bfbaecfcd9970b519", size = 2341866, upload-time = "2026-08-28T09:59:08.539Z" },
    { url = "https://files.pythonhosted.org/packages/5a/38/d66f443a259f84d13babdceae568e572b0ed26da17ca5d0a649ebb110a67/pydantic_core-2.46.5-cp313-cp313-win32.whl", hash = "sha256:97bf8de4d541598c94a59344eeb988a94c08ff76b5723c41f6567ec18c7892ea", size = 1938580, upload-time = "2026-08-28T09:59:10.402Z" },
    { url = "https://files.pythonhosted.org/packages/2c/1e/1d5371213f4cc9a7ed70c0bfcc7911de22311ee99a662a56077d7292d2ac/pydantic_core-2.46.5-cp313-cp313-win_amd64.whl", hash = "sha256:15f4a94963c95accac15b7b657bb177d3ad82bb90b0d0526d9a9b85079925db5", size = 2041980, upload-time = "2026-08-28T09:59:12.396Z" },
    { url = "https://files.pythonhosted.org/packages/5a/48/4222d90b1c67568bace4dec6dca6271449c66de3595d72b6d098f5fde597/pydantic_core-2.46.5-cp313-cp313-win_arm64.whl", hash = "sha256:d22a945598fb91236b4dd793a6e42e4f3dd7740bb5aace5ebd7d4c08d13bb575", size = 1997213, upload-time = "2026-08-28T09:59:14.245Z" },
    { url = "https://files.pythonhosted.org/packages/df/dd/053c2e4303f791f3b8f8a14ab0b22008e8eb21d868c0c90b4f9be705b76a/pydantic_core-2.46.5-graalpy312-graalpy250_312_native-macosx_10_12_x86_64.whl", hash = "sha256:013d6f3483d81e02e7c328831808f336c8596ee33b4bd4026b9ffb1e960b8942", size = 2062540, upload-time = "2026-08-28T10:01:00.318Z" },
    { url = "https://files.pythonhosted.org/packages/d7/dd/a18df751a5e37dd51bfad7f68e766999125bebe68c9e1d10a493ad01bd63/pydantic_core-2.46.5-graalpy312-graalpy250_312_native-macosx_11_0_arm64.whl", hash = "sha256:e9c134bb666dd54b778b9fc0d2b50cbb7f979b9e3716f26a88c9ab3b6fc1dd0f", size = 1902040, upload-time = "2026-08-28T10:01:02.529Z" },
    { url = "https://files.pythonhosted.org/packages/b7/13/01d40f9d07ce8a779fd6e0bd8ad4fba91309500dd67b869e2e219d261a6d/pydantic_core-2.46.5-graalpy312-graalpy250_312_native-manylinux_2_17_aarch64.manylinux2014_aarch64.whl", hash = "sha256:347ec774390c87326a2e4929d58d3f7e8763a104d5d35f4cd595a4c952366433", size = 1967479, upload-time = "2026-08-28T10:01:05.004Z" },
    { url = "https://files.pythonhosted.org/packages/fa/04/c81d4841331c2178b6fb09ae225425e110ed72d990c9fe556c4ec03d1013/pydantic_core-2.46.5-graalpy312-graalpy250_312_native-manylinux_2_17_x86_64.manylinux2014_x86_64.whl", hash = "sha256:8e24d8f05fa2d28513d94e877e9c75ad66175376209b3977f916e240e623193c", size = 2111034, upload-time = "2026-08-28T10:01:07.345Z" },
]

[[package]]
name = "pygments"
version = "2.21.0"
source = { registry = "https://pypi.org/simple" }
sdist = { url = "https://files.pythonhosted.org/packages/49/2e/ced460408999b33da6b31b0021b0f37d329e202d4169aeb164493778f25b/pygments-2.21.0.tar.gz", hash = "sha256:610ca751c9bc2492b38eb9a38a7fbc93edbbb2d7182edaf34e66ae493dee5c8c", size = 5005329, upload-time = "2026-08-17T08:02:48.824Z" }
wheels = [
    { url = "https://files.pythonhosted.org/packages/71/46/17f022dd3e953bf20a04a028a21ec746d942f8d2af30fa0f124fa0e6a684/pygments-2.21.0-py3-none-any.whl", hash = "sha256:2363c69b61c4a97c838da3b130dcd6468f4848992b21a82f2a63ec34377137d9", size = 1250147, upload-time = "2026-08-17T08:02:44.912Z" },
]

[[package]]
name = "pytest"
version = "9.1.1"
source = { registry = "https://pypi.org/simple" }
dependencies = [
    { name = "colorama", marker = "sys_platform == 'win32'" },
    { name = "iniconfig" },
    { name = "packaging" },
    { name = "pluggy" },
    { name = "pygments" },
]
sdist = { url = "https://files.pythonhosted.org/packages/e4/47/b9efed96c114afcfa3c9d3fe98a76a1d14c74a9e266d397cf6eb64be5e01/pytest-9.1.1.tar.gz", hash = "sha256:1088fbde8f2b49d95a549a195707afa7a76a3ce9bcadc26b6d71f0ffda5fe313", size = 1636369, upload-time = "2026-06-19T10:58:32.857Z" }
wheels = [
    { url = "https://files.pythonhosted.org/packages/24/25/1de2678b631f5a49215c6c96fff41ba892b0a34df68d6d80292b1b48aa7f/pytest-9.1.1-py3-none-any.whl", hash = "sha256:37a86b45efb9a47a61a36449063e8e18d0cab3161329fc099eb21783169c4f0c", size = 386536, upload-time = "2026-06-19T10:58:31.347Z" },
]

[[package]]
name = "pytest-asyncio"
version = "1.4.0"
source = { registry = "https://pypi.org/simple" }
dependencies = [
    { name = "pytest" },
    { name = "typing-extensions", marker = "python_full_version < '3.13'" },
]
sdist = { url = "https://files.pythonhosted.org/packages/43/7c/d36d04db312ecf4298932ef77e6e4a9e8ad017906e24e34f0b0c361a2473/pytest_asyncio-1.4.0.tar.gz", hash = "sha256:c6c0d2259945122819f171a32ecea2c349ead889ee28176caaf492143424be42", size = 58514, upload-time = "2026-05-26T09:56:04.083Z" }
wheels = [
    { url = "https://files.pythonhosted.org/packages/03/e2/08a497ef684b88559c9cc5f4ad53a37e7b99e727094a86d6ea32536d5d3c/pytest_asyncio-1.4.0-py3-none-any.whl", hash = "sha256:933ca923a23075a87fb7070c0ec272a6848489824d887c85c812670932835aa1", size = 16930, upload-time = "2026-05-26T09:56:02.576Z" },
]

[[package]]
name = "scheduler-wakeup-poc"
version = "0.0.0"
source = { virtual = "." }
dependencies = [
    { name = "aiosqlite" },
    { name = "fastapi" },
    { name = "greenlet" },
    { name = "httpx" },
    { name = "sqlalchemy" },
    { name = "sqlmodel" },
    { name = "temporalio" },
]

[package.optional-dependencies]
jetstream = [
    { name = "nats-py" },
]

[package.dev-dependencies]
dev = [
    { name = "pytest" },
    { name = "pytest-asyncio" },
]

[package.metadata]
requires-dist = [
    { name = "aiosqlite", specifier = ">=0.20" },
    { name = "fastapi", specifier = ">=0.115" },
    { name = "greenlet", specifier = ">=3.0" },
    { name = "httpx", specifier = ">=0.27" },
    { name = "nats-py", marker = "extra == 'jetstream'", specifier = ">=2.9" },
    { name = "sqlalchemy", specifier = ">=2.0" },
    { name = "sqlmodel", specifier = ">=0.0.22" },
    { name = "temporalio", specifier = ">=1.5" },
]
provides-extras = ["jetstream"]

[package.metadata.requires-dev]
dev = [
    { name = "pytest", specifier = ">=8" },
    { name = "pytest-asyncio", specifier = ">=0.24" },
]

[[package]]
name = "sqlalchemy"
version = "2.0.52"
source = { registry = "https://pypi.org/simple" }
dependencies = [
    { name = "greenlet", marker = "platform_machine == 'AMD64' or platform_machine == 'WIN32' or platform_machine == 'aarch64' or platform_machine == 'amd64' or platform_machine == 'ppc64le' or platform_machine == 'win32' or platform_machine == 'x86_64'" },
    { name = "typing-extensions" },
]
sdist = { url = "https://files.pythonhosted.org/packages/3b/21/77b4c147963073040dc3c3a5cb7a8c3001a1893c0209432cb77f9df836aa/sqlalchemy-2.0.52.tar.gz", hash = "sha256:5e2d46356ac2ccb7d268ab6c2319ac6a2b42f1b8d5fd8bd3d46855cd82abee97", size = 9945637, upload-time = "2026-08-11T19:07:09.829Z" }
wheels = [
    { url = "https://files.pythonhosted.org/packages/e0/d5/1b77a026d161f98a08f11af1a5f6c47b98ee7c7e2648af525a1004826c78/sqlalchemy-2.0.52-cp312-cp312-macosx_11_0_arm64.whl", hash = "sha256:be8c49131665dfe2cc74c498aa1240ffb548d0fd901325dd11c2c7a18956f727", size = 2170940, upload-time = "2026-08-11T20:58:11.25Z" },
    { url = "https://files.pythonhosted.org/packages/54/bd/f444444adb37b5d53753fb1730ee7a421628e2e3b756c4da461af7e6394a/sqlalchemy-2.0.52-cp312-cp312-manylinux2014_aarch64.manylinux_2_17_aarch64.manylinux_2_28_aarch64.whl", hash = "sha256:1b2d9e507a458832adcfbd8af6e2036ddf069b7710b799448542ebccae2dceee", size = 3383415, upload-time = "2026-08-11T21:02:38.534Z" },
    { url = "https://files.pythonhosted.org/packages/be/57/2eadf93a552568c57e8680b7e58bb5e9770d80942a1bdbaf4f2f63f0d7c8/sqlalchemy-2.0.52-cp312-cp312-manylinux2014_x86_64.manylinux_2_17_x86_64.manylinux_2_28_x86_64.whl", hash = "sha256:8738008376d22f30f411ea3efecf39b51110b6996d80bb73786f30bcfdd5fd3b", size = 3398577, upload-time = "2026-08-11T21:16:59.092Z" },
    { url = "https://files.pythonhosted.org/packages/15/c3/2887cf9dd111d1fbf05d22165b404c221ef43e029f7a2695e7302f27a7cc/sqlalchemy-2.0.52-cp312-cp312-musllinux_1_2_aarch64.whl", hash = "sha256:37a4d548327b6cab9c7d8cdb4e0e82feabee0110c4d150059068e2d1cfbd99ee", size = 3328225, upload-time = "2026-08-11T21:02:40.183Z" },
    { url = "https://files.pythonhosted.org/packages/02/0f/466bdf9e1feeeef5587f868c187d8687e21ff8c85b1775e9041130181132/sqlalchemy-2.0.52-cp312-cp312-musllinux_1_2_x86_64.whl", hash = "sha256:e49f51a5d59857a7a0dcaf9469febf7197d9394bd88f00d69c2c4e848112cdbf", size = 3357374, upload-time = "2026-08-11T21:17:01.076Z" },
    { url = "https://files.pythonhosted.org/packages/22/20/5c2b4583904af4173076dda1c9e53c9e2ffc7a702d2efde0216bbacbf7cb/sqlalchemy-2.0.52-cp312-cp312-win32.whl", hash = "sha256:afda3ec521d0517d0de783fc70030775841900896d832de5bbd066549290470e", size = 2129366, upload-time = "2026-08-11T21:14:50.991Z" },
    { url = "https://files.pythonhosted.org/packages/ed/06/543dab8ef62d4e9fb96fb31a30c2b8b14a8763bccf48d428294d6b3041c0/sqlalchemy-2.0.52-cp312-cp312-win_amd64.whl", hash = "sha256:2d5e53e36e37129fe0be8b9d08b6e4052c10a963ee6cda56c8c10dcc194b99ca", size = 2157344, upload-time = "2026-08-11T21:14:52.453Z" },
    { url = "https://files.pythonhosted.org/packages/7f/18/e30c6fe1eca1bf34a39fbdd6066121cc9974c850faf6f349eac563697a26/sqlalchemy-2.0.52-cp313-cp313-macosx_11_0_arm64.whl", hash = "sha256:2eb3c6a64b1bfe6704777cfd504e7b8ad093a5f3e03ce67663a5e6742f294e43", size = 2167724, upload-time = "2026-08-11T20:58:12.679Z" },
    { url = "https://files.pythonhosted.org/packages/d0/56/2e17d161a4f7ecc1c2ffb93e607b4e1898bb551b451b283235acb8f6ce47/sqlalchemy-2.0.52-cp313-cp313-manylinux2014_aarch64.manylinux_2_17_aarch64.manylinux_2_28_aarch64.whl", hash = "sha256:923bb183c1dc64fdf7b717965e3d59938ec4f8b8710b419a21ce403e5da9a9e1", size = 3321189, upload-time = "2026-08-11T21:02:41.932Z" },
    { url = "https://files.pythonhosted.org/packages/cf/b8/8490916e893f3f8d74dc9cc54c078619364999dee37047a188e73abbc852/sqlalchemy-2.0.52-cp313-cp313-manylinux2014_x86_64.manylinux_2_17_x86_64.manylinux_2_28_x86_64.whl", hash = "sha256:651d6d8782e80679e6151707c7b490834d46ada526328895abf567f25e63d29c", size = 3338185, upload-time = "2026-08-11T21:17:02.597Z" },
    { url = "https://files.pythonhosted.org/packages/8b/f7/752cc8ee453da222829b3f5c4613614bf750d97429363b70414fa10478e4/sqlalchemy-2.0.52-cp313-cp313-musllinux_1_2_aarch64.whl", hash = "sha256:b08cddb8989775e3c88799d86704bdfc3ee6e9846118201aa5997f16f27e3a15", size = 3271698, upload-time = "2026-08-11T21:02:43.963Z" },
    { url = "https://files.pythonhosted.org/packages/51/e6/074ade0c07b9e4c8e8bca46820320ed94df9702afdb6f2af06623068d2e6/sqlalchemy-2.0.52-cp313-cp313-musllinux_1_2_x86_64.whl", hash = "sha256:ab66fa9618269390d4dfa222f2f2f88f7bc4bf5da13905131b818217db7e8057", size = 3308936, upload-time = "2026-08-11T21:17:04.172Z" },
    { url = "https://files.pythonhosted.org/packages/66/07/557c0d04716705599227945ac14e0a17ad0338e899f37d8c2ddff4dcc663/sqlalchemy-2.0.52-cp313-cp313-win32.whl", hash = "sha256:c63bda077685c85ca513286547a531ba57e7a68cf0a7ed3bafcc2bbd18896f4d", size = 2127308, upload-time = "2026-08-11T21:14:53.879Z" },
    { url = "https://files.pythonhosted.org/packages/96/4e/226eda27654318ce525d043025221f689abef883da2c7126f9065121618c/sqlalchemy-2.0.52-cp313-cp313-win_amd64.whl", hash = "sha256:9876b09b9f1ce7398b0ffece585c0a911244c53191187341f6bcae640e133751", size = 2153876, upload-time = "2026-08-11T21:14:55.527Z" },
    { url = "https://files.pythonhosted.org/packages/b3/3f/3582293d1e185e71d19d7c731c3e2ee20ba21981c4a1115c0806c1f62120/sqlalchemy-2.0.52-py3-none-any.whl", hash = "sha256:3b81b8363a919ce53453591cdb93702e6bd54ade6c4fa2f468fc053baee5ed89", size = 1950700, upload-time = "2026-08-11T20:47:21.603Z" },
]

[[package]]
name = "sqlmodel"
version = "0.0.42"
source = { registry = "https://pypi.org/simple" }
dependencies = [
    { name = "pydantic" },
    { name = "sqlalchemy" },
    { name = "typing-extensions" },
]
sdist = { url = "https://files.pythonhosted.org/packages/ab/50/27188d8cbccabf9968d74d4095765399dbc4f9fcae95e928fda69aa44a21/sqlmodel-0.0.42.tar.gz", hash = "sha256:9ecec2b6aa4c2aa58da39d2572e7bef4373419dcd6ec52973c07de7be2b1c516", size = 91737, upload-time = "2026-08-28T19:42:01.611Z" }
wheels = [
    { url = "https://files.pythonhosted.org/packages/67/37/d7d6b12b9066005c237de3d52b599298a2693ac423bff0e6b97a90b90bf8/sqlmodel-0.0.42-py3-none-any.whl", hash = "sha256:a732dab1a40e5cbd6ac250cf2b12e8d9b1bf1a47edf27c34d612f359e8875c63", size = 29991, upload-time = "2026-08-28T19:42:00.568Z" },
]

[[package]]
name = "starlette"
version = "1.6.0"
source = { registry = "https://pypi.org/simple" }
dependencies = [
    { name = "anyio" },
    { name = "typing-extensions", marker = "python_full_version < '3.13'" },
]
sdist = { url = "https://files.pythonhosted.org/packages/b5/b4/205b0d5241d934e8add0c38aa924c4f9fb7330834ff11e5444db964ec3f9/starlette-1.6.0.tar.gz", hash = "sha256:d4e3ac5e546444960c710297a3c9fc3f7ebae1b7e963f3d36173b49da535be9b", size = 2716969, upload-time = "2026-08-08T18:27:57.512Z" }
wheels = [
    { url = "https://files.pythonhosted.org/packages/c8/cb/6a6a47d5b464bd08695d254f3da6e7986cc70c9fa5d778eda57538edfe56/starlette-1.6.0-py3-none-any.whl", hash = "sha256:a86dd39d14bb45f85a3d18525215a9ef0cfd1f192ac793220e72598c90335f0c", size = 75969, upload-time = "2026-08-08T18:27:56.196Z" },
]

[[package]]
name = "temporalio"
version = "1.32.0"
source = { registry = "https://pypi.org/simple" }
dependencies = [
    { name = "nexus-rpc" },
    { name = "protobuf" },
    { name = "types-protobuf" },
    { name = "typing-extensions" },
]
sdist = { url = "https://files.pythonhosted.org/packages/1b/d8/18cf5bbbcc4b4c884d7723c9b54bf8d1d2556d9fbef3e99599dd3db12034/temporalio-1.32.0.tar.gz", hash = "sha256:2cfa50ec7ebdab66902b80c3a09da3258883d68540811ebfbf44f7f293a4d7d0", size = 2997642, upload-time = "2026-08-24T21:24:37.631Z" }
wheels = [
    { url = "https://files.pythonhosted.org/packages/37/0b/adad9dcd8b96c760cd04dcc75f0a0f136aabdb78c4b180219589749469a4/temporalio-1.32.0-cp310-abi3-macosx_10_12_x86_64.whl", hash = "sha256:47c128732e5d49235c9daeeb084d55093cee5ebc200ccc3afaeb4468f08d809e", size = 13796063, upload-time = "2026-08-24T21:24:16.638Z" },
    { url = "https://files.pythonhosted.org/packages/d0/84/6cc96518a2aff3ce9fb132479811bb29db563fbcdc947c279df8f089721a/temporalio-1.32.0-cp310-abi3-macosx_11_0_arm64.whl", hash = "sha256:e78a209dc5ef3303bc6a3033fe11ffd813b778e4b176ec18d20386d65952daa9", size = 13467827, upload-time = "2026-08-24T21:24:19.731Z" },
    { url = "https://files.pythonhosted.org/packages/92/d0/720e5e9bb51ae1af6b9fea4d5c56d6ac6e94fbf4c8b86a6b0b318b6aef1e/temporalio-1.32.0-cp310-abi3-manylinux_2_17_aarch64.manylinux2014_aarch64.whl", hash = "sha256:a86be3a6d237ea6cc2d632015a5df4cead2aa3143b9601721428b53b87df81e2", size = 13854003, upload-time = "2026-08-24T21:24:22.743Z" },
    { url = "https://files.pythonhosted.org/packages/e9/6b/8c8973ad314efc8c124e9a0f602ae96533c7e624b3cde7fcc9704aa46dd2/temporalio-1.32.0-cp310-abi3-manylinux_2_17_x86_64.manylinux2014_x86_64.whl", hash = "sha256:4dd44a60ba54901560011a32f085353c0f5e7dac6b8d7a7e0c7c4ba508c6bf5d", size = 14193177, upload-time = "2026-08-24T21:24:25.849Z" },
    { url = "https://files.pythonhosted.org/packages/5b/ad/7496f8424a6ccc9b6ce6c629f9375744e8a439e9a692bd27b4f77b99977a/temporalio-1.32.0-cp310-abi3-musllinux_1_2_aarch64.whl", hash = "sha256:6a7100b1f1bf781f8f1800f89bb787b3dd7ce883e78603442d0c7a40e1143a86", size = 13920043, upload-time = "2026-08-24T21:24:28.667Z" },
    { url = "https://files.pythonhosted.org/packages/5b/16/73fa24d69e70035323217e87d33cb3df6415e1906db07b2112c9a6b09e33/temporalio-1.32.0-cp310-abi3-musllinux_1_2_x86_64.whl", hash = "sha256:311abb9f0650f4ad9f24944ef16d8ed47954ddc3075c1e8c73dcd968d70ccdce", size = 14309243, upload-time = "2026-08-24T21:24:31.727Z" },
    { url = "https://files.pythonhosted.org/packages/07/72/4a49f38f294f9cc1ba15c0b5272adfa7d2a0da38e924ed7f0b1ea2e5bbc9/temporalio-1.32.0-cp310-abi3-win_amd64.whl", hash = "sha256:158386bcd9a6dce1ab63d732fc967c5a5830e15c3012ffaa4b8772bdac099e0f", size = 15196754, upload-time = "2026-08-24T21:24:34.931Z" },
]

[[package]]
name = "types-protobuf"
version = "7.35.1.20260906"
source = { registry = "https://pypi.org/simple" }
sdist = { url = "https://files.pythonhosted.org/packages/e1/6c/e3e5b3e10bc328126a39637c138f9ebfd734bf14342b9f3540039b4ab995/types_protobuf-7.35.1.20260906.tar.gz", hash = "sha256:efd1a3862d4c967dad5512ef8d56b1530ac84f182c41735b94004756518c4998", size = 69895, upload-time = "2026-09-06T06:35:28.308Z" }
wheels = [
    { url = "https://files.pythonhosted.org/packages/44/4e/f63e826c68f77ef875506d72f225918800346545ee99847bc28f3394f18d/types_protobuf-7.35.1.20260906-py3-none-any.whl", hash = "sha256:5155e48569e0dabff303fdf578db96cd31ea9a4a63b18018a4ceac6b0ae17462", size = 86419, upload-time = "2026-09-06T06:35:27.247Z" },
]

[[package]]
name = "typing-extensions"
version = "4.16.0"
source = { registry = "https://pypi.org/simple" }
sdist = { url = "https://files.pythonhosted.org/packages/f6/cc/6253133b5bb138fc3306cebfbda2c520f545d36b5be2c7255cc528bb45d6/typing_extensions-4.16.0.tar.gz", hash = "sha256:dc983d19a509c94dba722ee6abd33940f7c05a89e243c47e907eb4db6f1a43e5", size = 113555, upload-time = "2026-07-02T08:40:05.92Z" }
wheels = [
    { url = "https://files.pythonhosted.org/packages/49/d3/b8441a820a491ddfc024b0b0cf0393375b75ea13866d9c66727e54c2fc80/typing_extensions-4.16.0-py3-none-any.whl", hash = "sha256:481caa481374e813c1b176ada14e97f1f67a4539ce9cfeb3f350d78d6370c2e8", size = 45571, upload-time = "2026-07-02T08:40:04.659Z" },
]

[[package]]
name = "typing-inspection"
version = "0.4.4"
source = { registry = "https://pypi.org/simple" }
dependencies = [
    { name = "typing-extensions" },
]
sdist = { url = "https://files.pythonhosted.org/packages/a3/26/b09b8010994eccc3c09092e6b34058f36a460eea2d4c3e8b910c695975a0/typing_inspection-0.4.4.tar.gz", hash = "sha256:547274fa6b0a561ccf549cc9524b999a578e737d015d8709d021f9d0d13bea47", size = 76928, upload-time = "2026-08-12T12:37:25.997Z" }
wheels = [
    { url = "https://files.pythonhosted.org/packages/67/81/4add07e5172b7ac40d8ed5ff580409a7801a4fe26d529bdd915401dabfbe/typing_inspection-0.4.4-py3-none-any.whl", hash = "sha256:65b8397ba37ccbce054456aaccddfc91e6e3083c92824df348d96ca832f3f147", size = 14750, upload-time = "2026-08-12T12:37:24.648Z" },
]
